
Microsoft Visual Studio Solution File, Format Version 12.00
# Visual Studio Version 16
VisualStudioVersion = 16.0.30320.27
MinimumVisualStudioVersion = 10.0.40219.1
Project("{FAE04EC0-301F-11D3-BF4B-00C04F79EFBC}") = "Calculator", "Calculator\Calculator.csproj", "{16DA9B58-6F97-463C-AE18-B26496D26352}"
EndProject
Global
	GlobalSection(SolutionConfigurationPlatforms) = preSolution
		Debug|Any CPU = Debug|Any CPU
		Release|Any CPU = Release|Any CPU
	EndGlobalSection
	GlobalSection(ProjectConfigurationPlatforms) = postSolution
		{16DA9B58-6F97-463C-AE18-B26496D26352}.Debug|Any CPU.ActiveCfg = Debug|Any CPU
		{16DA9B58-6F97-463C-AE18-B26496D26352}.Debug|Any CPU.Build.0 = Debug|Any CPU
		{16DA9B58-6F97-463C-AE18-B26496D26352}.Release|Any CPU.ActiveCfg = Release|Any CPU
		{16DA9B58-6F97-463C-AE18-B26496D26352}.Release|Any CPU.Build.0 = Release|Any CPU
	EndGlobalSection
	GlobalSection(SolutionProperties) = preSolution
		HideSolutionNode = FALSE
	EndGlobalSection
	GlobalSection(ExtensibilityGlobals) = postSolution
		SolutionGuid = {77684A84-A42D-470A-9306-76F6F063D083}
	EndGlobalSection
EndGlobal
